
Microsoft Visual Studio Solution File, Format Version 12.00
# Visual Studio Version 17
VisualStudioVersion = 17.11.35327.3
MinimumVisualStudioVersion = 10.0.40219.1
Project("{9A19103F-16F7-4668-BE54-9A1E7A4F7556}") = "Interactive.Prompty", "Interactive.Prompty\Interactive.Prompty.csproj", "{AF56E975-DB84-494F-A790-AF9AA589DE1B}"
EndProject
Project("{9A19103F-16F7-4668-BE54-9A1E7A4F7556}") = "Interactive.Prompty.Tests", "Interactive.Prompty.Tests\Interactive.Prompty.Tests.csproj", "{12BD6ED7-C309-43B9-B5E4-83E9776CE483}"
EndProject
Project("{FAE04EC0-301F-11D3-BF4B-00C04F79EFBC}") = "WeatherService", "WeatherService\WeatherService.csproj", "{E7B995D5-7BB0-4279-8A66-FAC73A48C5C8}"
EndProject
Global
	GlobalSection(SolutionConfigurationPlatforms) = preSolution
		Debug|Any CPU = Debug|Any CPU
		Release|Any CPU = Release|Any CPU
	EndGlobalSection
	GlobalSection(ProjectConfigurationPlatforms) = postSolution
		{AF56E975-DB84-494F-A790-AF9AA589DE1B}.Debug|Any CPU.ActiveCfg = Debug|Any CPU
		{AF56E975-DB84-494F-A790-AF9AA589DE1B}.Debug|Any CPU.Build.0 = Debug|Any CPU
		{AF56E975-DB84-494F-A790-AF9AA589DE1B}.Release|Any CPU.ActiveCfg = Release|Any CPU
		{AF56E975-DB84-494F-A790-AF9AA589DE1B}.Release|Any CPU.Build.0 = Release|Any CPU
		{12BD6ED7-C309-43B9-B5E4-83E9776CE483}.Debug|Any CPU.ActiveCfg = Debug|Any CPU
		{12BD6ED7-C309-43B9-B5E4-83E9776CE483}.Debug|Any CPU.Build.0 = Debug|Any CPU
		{12BD6ED7-C309-43B9-B5E4-83E9776CE483}.Release|Any CPU.ActiveCfg = Release|Any CPU
		{12BD6ED7-C309-43B9-B5E4-83E9776CE483}.Release|Any CPU.Build.0 = Release|Any CPU
		{E7B995D5-7BB0-4279-8A66-FAC73A48C5C8}.Debug|Any CPU.ActiveCfg = Debug|Any CPU
		{E7B995D5-7BB0-4279-8A66-FAC73A48C5C8}.Debug|Any CPU.Build.0 = Debug|Any CPU
		{E7B995D5-7BB0-4279-8A66-FAC73A48C5C8}.Release|Any CPU.ActiveCfg = Release|Any CPU
		{E7B995D5-7BB0-4279-8A66-FAC73A48C5C8}.Release|Any CPU.Build.0 = Release|Any CPU
	EndGlobalSection
	GlobalSection(SolutionProperties) = preSolution
		HideSolutionNode = FALSE
	EndGlobalSection
	GlobalSection(ExtensibilityGlobals) = postSolution
		SolutionGuid = {B13EF679-68A9-4282-A8CF-ED3B2C099E63}
	EndGlobalSection
EndGlobal
